
Microsoft Visual Studio Solution File, Format Version 12.00
# Visual Studio Version 16
VisualStudioVersion = 16.0.30523.141
MinimumVisualStudioVersion = 10.0.40219.1
Project("{FAE04EC0-301F-11D3-BF4B-00C04F79EFBC}") = "Weather_API", "Weather_API.csproj", "{1E778A43-39DF-46D4-8386-B00BB7131707}"
EndProject
Global
	GlobalSection(SolutionConfigurationPlatforms) = preSolution
		Debug|Any CPU = Debug|Any CPU
		Release|Any CPU = Release|Any CPU
	EndGlobalSection
	GlobalSection(ProjectConfigurationPlatforms) = postSolution
		{1E778A43-39DF-46D4-8386-B00BB7131707}.Debug|Any CPU.ActiveCfg = Debug|Any CPU
		{1E778A43-39DF-46D4-8386-B00BB7131707}.Debug|Any CPU.Build.0 = Debug|Any CPU
		{1E778A43-39DF-46D4-8386-B00BB7131707}.Release|Any CPU.ActiveCfg = Release|Any CPU
		{1E778A43-39DF-46D4-8386-B00BB7131707}.Release|Any CPU.Build.0 = Release|Any CPU
	EndGlobalSection
	GlobalSection(SolutionProperties) = preSolution
		HideSolutionNode = FALSE
	EndGlobalSection
	GlobalSection(ExtensibilityGlobals) = postSolution
		SolutionGuid = {BCAA2D39-BBD0-4C55-8668-9FD0975D4D87}
	EndGlobalSection
EndGlobal
